
Microsoft Visual Studio Solution File, Format Version 12.00
# Visual Studio 15
VisualStudioVersion = 15.0.27703.2026
MinimumVisualStudioVersion = 10.0.40219.1
Project("{00D1A9C2-B5F0-4AF3-8072-F6C62B433612}") = "UsersDB", "UsersDB\UsersDB.sqlproj", "{95DE17D3-A597-47F4-99DD-16C37F87F637}"
EndProject
Project("{FAE04EC0-301F-11D3-BF4B-00C04F79EFBC}") = "DALUsers", "DALUsers\DALUsers.csproj", "{DCF4C5BC-0607-4967-8EA1-F5F405CFBFB4}"
EndProject
Global
	GlobalSection(SolutionConfigurationPlatforms) = preSolution
		Debug|Any CPU = Debug|Any CPU
		Release|Any CPU = Release|Any CPU
	EndGlobalSection
	GlobalSection(ProjectConfigurationPlatforms) = postSolution
		{95DE17D3-A597-47F4-99DD-16C37F87F637}.Debug|Any CPU.ActiveCfg = Debug|Any CPU
		{95DE17D3-A597-47F4-99DD-16C37F87F637}.Debug|Any CPU.Build.0 = Debug|Any CPU
		{95DE17D3-A597-47F4-99DD-16C37F87F637}.Debug|Any CPU.Deploy.0 = Debug|Any CPU
		{95DE17D3-A597-47F4-99DD-16C37F87F637}.Release|Any CPU.ActiveCfg = Release|Any CPU
		{95DE17D3-A597-47F4-99DD-16C37F87F637}.Release|Any CPU.Build.0 = Release|Any CPU
		{95DE17D3-A597-47F4-99DD-16C37F87F637}.Release|Any CPU.Deploy.0 = Release|Any CPU
		{DCF4C5BC-0607-4967-8EA1-F5F405CFBFB4}.Debug|Any CPU.ActiveCfg = Debug|Any CPU
		{DCF4C5BC-0607-4967-8EA1-F5F405CFBFB4}.Debug|Any CPU.Build.0 = Debug|Any CPU
		{DCF4C5BC-0607-4967-8EA1-F5F405CFBFB4}.Release|Any CPU.ActiveCfg = Release|Any CPU
		{DCF4C5BC-0607-4967-8EA1-F5F405CFBFB4}.Release|Any CPU.Build.0 = Release|Any CPU
	EndGlobalSection
	GlobalSection(SolutionProperties) = preSolution
		HideSolutionNode = FALSE
	EndGlobalSection
	GlobalSection(ExtensibilityGlobals) = postSolution
		SolutionGuid = {D6CD1784-0158-4D7B-B107-2A808E249BE4}
	EndGlobalSection
EndGlobal
