
Microsoft Visual Studio Solution File, Format Version 12.00
# Visual Studio 15
VisualStudioVersion = 15.0.27703.2026
MinimumVisualStudioVersion = 10.0.40219.1
Project("{9A19103F-16F7-4668-BE54-9A1E7A4F7556}") = "Cryptography", "Cryptography\Cryptography.csproj", "{FF202959-17D5-4FCC-991A-552DF139FA1B}"
EndProject
Project("{9A19103F-16F7-4668-BE54-9A1E7A4F7556}") = "UsersAPI", "SecurityAPI\UsersAPI.csproj", "{65B850B1-DF39-49A4-8E00-1FA20E98C9B3}"
EndProject
Project("{9A19103F-16F7-4668-BE54-9A1E7A4F7556}") = "AuthenticationServer", "AuthenticationServer\AuthenticationServer.csproj", "{94A351C8-A29E-48AB-AA61-DA25E73DB0E3}"
EndProject
Project("{00D1A9C2-B5F0-4AF3-8072-F6C62B433612}") = "UsersDatabase", "UsersDatabase\UsersDatabase.sqlproj", "{316D747B-42F4-4077-9C6A-6B2E766B4D7B}"
EndProject
Project("{FAE04EC0-301F-11D3-BF4B-00C04F79EFBC}") = "DatabaseAccessor", "DatabaseAccessor\DatabaseAccessor.csproj", "{21917EEC-2BF4-409B-A517-BC53FF1A3058}"
EndProject
Project("{9A19103F-16F7-4668-BE54-9A1E7A4F7556}") = "ConsoleApp2", "ConsoleApp2\ConsoleApp2.csproj", "{AE18FAE1-8F96-44B5-A9C7-FDE3748D1439}"
EndProject
Global
	GlobalSection(SolutionConfigurationPlatforms) = preSolution
		Debug|Any CPU = Debug|Any CPU
		Release|Any CPU = Release|Any CPU
	EndGlobalSection
	GlobalSection(ProjectConfigurationPlatforms) = postSolution
		{FF202959-17D5-4FCC-991A-552DF139FA1B}.Debug|Any CPU.ActiveCfg = Debug|Any CPU
		{FF202959-17D5-4FCC-991A-552DF139FA1B}.Debug|Any CPU.Build.0 = Debug|Any CPU
		{FF202959-17D5-4FCC-991A-552DF139FA1B}.Release|Any CPU.ActiveCfg = Release|Any CPU
		{FF202959-17D5-4FCC-991A-552DF139FA1B}.Release|Any CPU.Build.0 = Release|Any CPU
		{65B850B1-DF39-49A4-8E00-1FA20E98C9B3}.Debug|Any CPU.ActiveCfg = Debug|Any CPU
		{65B850B1-DF39-49A4-8E00-1FA20E98C9B3}.Debug|Any CPU.Build.0 = Debug|Any CPU
		{65B850B1-DF39-49A4-8E00-1FA20E98C9B3}.Release|Any CPU.ActiveCfg = Release|Any CPU
		{65B850B1-DF39-49A4-8E00-1FA20E98C9B3}.Release|Any CPU.Build.0 = Release|Any CPU
		{94A351C8-A29E-48AB-AA61-DA25E73DB0E3}.Debug|Any CPU.ActiveCfg = Debug|Any CPU
		{94A351C8-A29E-48AB-AA61-DA25E73DB0E3}.Debug|Any CPU.Build.0 = Debug|Any CPU
		{94A351C8-A29E-48AB-AA61-DA25E73DB0E3}.Release|Any CPU.ActiveCfg = Release|Any CPU
		{94A351C8-A29E-48AB-AA61-DA25E73DB0E3}.Release|Any CPU.Build.0 = Release|Any CPU
		{316D747B-42F4-4077-9C6A-6B2E766B4D7B}.Debug|Any CPU.ActiveCfg = Debug|Any CPU
		{316D747B-42F4-4077-9C6A-6B2E766B4D7B}.Debug|Any CPU.Build.0 = Debug|Any CPU
		{316D747B-42F4-4077-9C6A-6B2E766B4D7B}.Debug|Any CPU.Deploy.0 = Debug|Any CPU
		{316D747B-42F4-4077-9C6A-6B2E766B4D7B}.Release|Any CPU.ActiveCfg = Release|Any CPU
		{316D747B-42F4-4077-9C6A-6B2E766B4D7B}.Release|Any CPU.Build.0 = Release|Any CPU
		{316D747B-42F4-4077-9C6A-6B2E766B4D7B}.Release|Any CPU.Deploy.0 = Release|Any CPU
		{21917EEC-2BF4-409B-A517-BC53FF1A3058}.Debug|Any CPU.ActiveCfg = Debug|Any CPU
		{21917EEC-2BF4-409B-A517-BC53FF1A3058}.Debug|Any CPU.Build.0 = Debug|Any CPU
		{21917EEC-2BF4-409B-A517-BC53FF1A3058}.Release|Any CPU.ActiveCfg = Release|Any CPU
		{21917EEC-2BF4-409B-A517-BC53FF1A3058}.Release|Any CPU.Build.0 = Release|Any CPU
		{AE18FAE1-8F96-44B5-A9C7-FDE3748D1439}.Debug|Any CPU.ActiveCfg = Debug|Any CPU
		{AE18FAE1-8F96-44B5-A9C7-FDE3748D1439}.Debug|Any CPU.Build.0 = Debug|Any CPU
		{AE18FAE1-8F96-44B5-A9C7-FDE3748D1439}.Release|Any CPU.ActiveCfg = Release|Any CPU
		{AE18FAE1-8F96-44B5-A9C7-FDE3748D1439}.Release|Any CPU.Build.0 = Release|Any CPU
	EndGlobalSection
	GlobalSection(SolutionProperties) = preSolution
		HideSolutionNode = FALSE
	EndGlobalSection
	GlobalSection(ExtensibilityGlobals) = postSolution
		SolutionGuid = {D6CD1784-0158-4D7B-B107-2A808E249BE4}
	EndGlobalSection
EndGlobal
