
Microsoft Visual Studio Solution File, Format Version 12.00
# Visual Studio 15
VisualStudioVersion = 15.0.27703.2026
MinimumVisualStudioVersion = 10.0.40219.1
Project("{00D1A9C2-B5F0-4AF3-8072-F6C62B433612}") = "UsersDB", "UsersDB\UsersDB.sqlproj", "{95DE17D3-A597-47F4-99DD-16C37F87F637}"
EndProject
Project("{FAE04EC0-301F-11D3-BF4B-00C04F79EFBC}") = "DALUsers", "DALUsers\DALUsers.csproj", "{DCF4C5BC-0607-4967-8EA1-F5F405CFBFB4}"
EndProject
Project("{FAE04EC0-301F-11D3-BF4B-00C04F79EFBC}") = "BusinessLayer", "BusinessLayer\BusinessLayer.csproj", "{344E776B-59F7-4435-8141-3570161C04E7}"
EndProject
Project("{FAE04EC0-301F-11D3-BF4B-00C04F79EFBC}") = "TestBL", "TestBL\TestBL.csproj", "{7A747660-E77F-46AC-AB73-5D9EBA72F59B}"
EndProject
Project("{9A19103F-16F7-4668-BE54-9A1E7A4F7556}") = "Cryptography", "Cryptography\Cryptography.csproj", "{FF202959-17D5-4FCC-991A-552DF139FA1B}"
EndProject
Project("{9A19103F-16F7-4668-BE54-9A1E7A4F7556}") = "Client", "Client\Client.csproj", "{CF091794-2572-44B2-9E82-A703B179F1D7}"
EndProject
Project("{9A19103F-16F7-4668-BE54-9A1E7A4F7556}") = "SecurityAPI", "SecurityAPI\SecurityAPI.csproj", "{65B850B1-DF39-49A4-8E00-1FA20E98C9B3}"
EndProject
Project("{9A19103F-16F7-4668-BE54-9A1E7A4F7556}") = "AuthenticationServer", "AuthenticationServer\AuthenticationServer.csproj", "{94A351C8-A29E-48AB-AA61-DA25E73DB0E3}"
EndProject
Global
	GlobalSection(SolutionConfigurationPlatforms) = preSolution
		Debug|Any CPU = Debug|Any CPU
		Release|Any CPU = Release|Any CPU
	EndGlobalSection
	GlobalSection(ProjectConfigurationPlatforms) = postSolution
		{95DE17D3-A597-47F4-99DD-16C37F87F637}.Debug|Any CPU.ActiveCfg = Debug|Any CPU
		{95DE17D3-A597-47F4-99DD-16C37F87F637}.Debug|Any CPU.Build.0 = Debug|Any CPU
		{95DE17D3-A597-47F4-99DD-16C37F87F637}.Debug|Any CPU.Deploy.0 = Debug|Any CPU
		{95DE17D3-A597-47F4-99DD-16C37F87F637}.Release|Any CPU.ActiveCfg = Release|Any CPU
		{95DE17D3-A597-47F4-99DD-16C37F87F637}.Release|Any CPU.Build.0 = Release|Any CPU
		{95DE17D3-A597-47F4-99DD-16C37F87F637}.Release|Any CPU.Deploy.0 = Release|Any CPU
		{DCF4C5BC-0607-4967-8EA1-F5F405CFBFB4}.Debug|Any CPU.ActiveCfg = Debug|Any CPU
		{DCF4C5BC-0607-4967-8EA1-F5F405CFBFB4}.Debug|Any CPU.Build.0 = Debug|Any CPU
		{DCF4C5BC-0607-4967-8EA1-F5F405CFBFB4}.Release|Any CPU.ActiveCfg = Release|Any CPU
		{DCF4C5BC-0607-4967-8EA1-F5F405CFBFB4}.Release|Any CPU.Build.0 = Release|Any CPU
		{344E776B-59F7-4435-8141-3570161C04E7}.Debug|Any CPU.ActiveCfg = Debug|Any CPU
		{344E776B-59F7-4435-8141-3570161C04E7}.Debug|Any CPU.Build.0 = Debug|Any CPU
		{344E776B-59F7-4435-8141-3570161C04E7}.Release|Any CPU.ActiveCfg = Release|Any CPU
		{344E776B-59F7-4435-8141-3570161C04E7}.Release|Any CPU.Build.0 = Release|Any CPU
		{7A747660-E77F-46AC-AB73-5D9EBA72F59B}.Debug|Any CPU.ActiveCfg = Debug|Any CPU
		{7A747660-E77F-46AC-AB73-5D9EBA72F59B}.Debug|Any CPU.Build.0 = Debug|Any CPU
		{7A747660-E77F-46AC-AB73-5D9EBA72F59B}.Release|Any CPU.ActiveCfg = Release|Any CPU
		{7A747660-E77F-46AC-AB73-5D9EBA72F59B}.Release|Any CPU.Build.0 = Release|Any CPU
		{FF202959-17D5-4FCC-991A-552DF139FA1B}.Debug|Any CPU.ActiveCfg = Debug|Any CPU
		{FF202959-17D5-4FCC-991A-552DF139FA1B}.Debug|Any CPU.Build.0 = Debug|Any CPU
		{FF202959-17D5-4FCC-991A-552DF139FA1B}.Release|Any CPU.ActiveCfg = Release|Any CPU
		{FF202959-17D5-4FCC-991A-552DF139FA1B}.Release|Any CPU.Build.0 = Release|Any CPU
		{CF091794-2572-44B2-9E82-A703B179F1D7}.Debug|Any CPU.ActiveCfg = Debug|Any CPU
		{CF091794-2572-44B2-9E82-A703B179F1D7}.Debug|Any CPU.Build.0 = Debug|Any CPU
		{CF091794-2572-44B2-9E82-A703B179F1D7}.Release|Any CPU.ActiveCfg = Release|Any CPU
		{CF091794-2572-44B2-9E82-A703B179F1D7}.Release|Any CPU.Build.0 = Release|Any CPU
		{65B850B1-DF39-49A4-8E00-1FA20E98C9B3}.Debug|Any CPU.ActiveCfg = Debug|Any CPU
		{65B850B1-DF39-49A4-8E00-1FA20E98C9B3}.Debug|Any CPU.Build.0 = Debug|Any CPU
		{65B850B1-DF39-49A4-8E00-1FA20E98C9B3}.Release|Any CPU.ActiveCfg = Release|Any CPU
		{65B850B1-DF39-49A4-8E00-1FA20E98C9B3}.Release|Any CPU.Build.0 = Release|Any CPU
		{94A351C8-A29E-48AB-AA61-DA25E73DB0E3}.Debug|Any CPU.ActiveCfg = Debug|Any CPU
		{94A351C8-A29E-48AB-AA61-DA25E73DB0E3}.Debug|Any CPU.Build.0 = Debug|Any CPU
		{94A351C8-A29E-48AB-AA61-DA25E73DB0E3}.Release|Any CPU.ActiveCfg = Release|Any CPU
		{94A351C8-A29E-48AB-AA61-DA25E73DB0E3}.Release|Any CPU.Build.0 = Release|Any CPU
	EndGlobalSection
	GlobalSection(SolutionProperties) = preSolution
		HideSolutionNode = FALSE
	EndGlobalSection
	GlobalSection(ExtensibilityGlobals) = postSolution
		SolutionGuid = {D6CD1784-0158-4D7B-B107-2A808E249BE4}
	EndGlobalSection
EndGlobal
